lockfileVersion: 5.4

specifiers:
  katex: ^0.16.4
  prettier: ^2.8.3

dependencies:
  katex: 0.16.4

devDependencies:
  prettier: 2.8.3

packages:

  /commander/8.3.0:
    resolution: {integrity: sha512-OkTL9umf+He2DZkUq8f8J9of7yL6RJKI24dVITBmNfZBmri9zYZQrKkuXiKhyfPSu8tUhnVBB1iKXevvnlR4Ww==}
    engines: {node: '>= 12'}
    dev: false

  /katex/0.16.4:
    resolution: {integrity: sha512-WudRKUj8yyBeVDI4aYMNxhx5Vhh2PjpzQw1GRu/LVGqL4m1AxwD1GcUp0IMbdJaf5zsjtj8ghP0DOQRYhroNkw==}
    hasBin: true
    dependencies:
      commander: 8.3.0
    dev: false

  /prettier/2.8.3:
    resolution: {integrity: sha512-tJ/oJ4amDihPoufT5sM0Z1SKEuKay8LfVAMlbbhnnkvt6BUserZylqo2PN+p9KeljLr0OHa2rXHU1T8reeoTrw==}
    engines: {node: '>=10.13.0'}
    hasBin: true
    dev: true
